{
  "version": 4,
  "terraform_version": "0.12.18",
  "serial": 69,
  "lineage": "69fb420d-caba-f28d-4ad4-722d46712733",
  "outputs": {},
  "resources": [
    {
      "mode": "managed",
      "type": "aws_efs_mount_target",
      "name": "demo",
      "each": "list",
      "provider": "provider.aws",
      "instances": []
    },
    {
      "mode": "managed",
      "type": "aws_route_table_association",
      "name": "demo",
      "each": "list",
      "provider": "provider.aws",
      "instances": []
    },
    {
      "mode": "managed",
      "type": "aws_subnet",
      "name": "demo",
      "each": "list",
      "provider": "provider.aws",
      "instances": []
    },
    {
      "mode": "managed",
      "type": "aws_vpc",
      "name": "demo",
      "provider": "provider.aws",
      "instances": [
        {
          "schema_version": 1,
          "attributes": {
            "arn": "arn:aws:ec2:us-west-1:956106277079:vpc/vpc-0d747b32717478211",
            "assign_generated_ipv6_cidr_block": false,
            "cidr_block": "10.0.0.0/16",
            "default_network_acl_id": "acl-02d061cb0f82854b8",
            "default_route_table_id": "rtb-04775344b8f1f55af",
            "default_security_group_id": "sg-028b5d1fb53b36c9f",
            "dhcp_options_id": "dopt-b322e4d5",
            "enable_classiclink": false,
            "enable_classiclink_dns_support": false,
            "enable_dns_hostnames": true,
            "enable_dns_support": true,
            "id": "vpc-0d747b32717478211",
            "instance_tenancy": "default",
            "ipv6_association_id": "",
            "ipv6_cidr_block": "",
            "main_route_table_id": "rtb-04775344b8f1f55af",
            "owner_id": "956106277079",
            "tags": {
              "Name": "terraform-eks-node",
              "kubernetes.io/cluster/terraform-eks": "shared"
            },
            "tags_all": {
              "Name": "terraform-eks-node",
              "kubernetes.io/cluster/terraform-eks": "shared"
            }
          }
        }
      ]
    }
  ]
}
