{
  "version": 4,
  "terraform_version": "0.12.18",
  "serial": 10,
  "lineage": "c84f2a4b-df07-6541-7cf8-7a882634a8c7",
  "outputs": {
    "demo": {
      "value": {
        "arn": "arn:aws:elasticfilesystem:us-west-1:956106277079:file-system/fs-400de358",
        "availability_zone_id": "",
        "availability_zone_name": "",
        "creation_token": "efs-eks",
        "dns_name": "fs-400de358.efs.us-west-1.amazonaws.com",
        "encrypted": false,
        "file_system_id": "fs-400de358",
        "id": "fs-400de358",
        "kms_key_id": "",
        "lifecycle_policy": [],
        "performance_mode": "generalPurpose",
        "provisioned_throughput_in_mibps": 0,
        "size_in_bytes": 6144,
        "tags": {
          "Name": "EKS"
        },
        "throughput_mode": "bursting"
      },
      "type": [
        "object",
        {
          "arn": "string",
          "availability_zone_id": "string",
          "availability_zone_name": "string",
          "creation_token": "string",
          "dns_name": "string",
          "encrypted": "bool",
          "file_system_id": "string",
          "id": "string",
          "kms_key_id": "string",
          "lifecycle_policy": [
            "list",
            [
              "object",
              {
                "transition_to_ia": "string"
              }
            ]
          ],
          "performance_mode": "string",
          "provisioned_throughput_in_mibps": "number",
          "size_in_bytes": "number",
          "tags": [
            "map",
            "string"
          ],
          "throughput_mode": "string"
        }
      ]
    }
  },
  "resources": [
    {
      "mode": "data",
      "type": "aws_efs_file_system",
      "name": "demo",
      "provider": "provider.aws",
      "instances": [
        {
          "schema_version": 0,
          "attributes": {
            "arn": "arn:aws:elasticfilesystem:us-west-1:956106277079:file-system/fs-400de358",
            "availability_zone_id": "",
            "availability_zone_name": "",
            "creation_token": "efs-eks",
            "dns_name": "fs-400de358.efs.us-west-1.amazonaws.com",
            "encrypted": false,
            "file_system_id": "fs-400de358",
            "id": "fs-400de358",
            "kms_key_id": "",
            "lifecycle_policy": [],
            "performance_mode": "generalPurpose",
            "provisioned_throughput_in_mibps": 0,
            "size_in_bytes": 6144,
            "tags": {
              "Name": "EKS"
            },
            "throughput_mode": "bursting"
          }
        }
      ]
    },
    {
      "mode": "managed",
      "type": "kubernetes_cluster_role_binding",
      "name": "demo",
      "provider": "provider.kubernetes",
      "instances": [
        {
          "schema_version": 0,
          "attributes": {
            "id": "nfs-provisioner-role-binding",
            "metadata": [
              {
                "annotations": null,
                "generation": 0,
                "labels": null,
                "name": "nfs-provisioner-role-binding",
                "resource_version": "8409",
                "self_link": "/apis/rbac.authorization.k8s.io/v1/clusterrolebindings/nfs-provisioner-role-binding",
                "uid": "16a44e52-b692-4b52-a76c-ed201261fb84"
              }
            ],
            "role_ref": [
              {
                "api_group": "rbac.authorization.k8s.io",
                "kind": "ClusterRole",
                "name": "cluster-admin"
              }
            ],
            "subject": [
              {
                "api_group": "",
                "kind": "ServiceAccount",
                "name": "default",
                "namespace": "terraform-prom-graf-namespace"
              }
            ]
          },
          "private": "bnVsbA==",
          "dependencies": [
            "kubernetes_namespace.demo"
          ]
        }
      ]
    },
    {
      "mode": "managed",
      "type": "kubernetes_config_map",
      "name": "prom_configmap",
      "provider": "provider.kubernetes",
      "instances": [
        {
          "schema_version": 0,
          "attributes": {
            "binary_data": null,
            "data": {
              "prometheus.yml": "    global:\n      scrape_interval:     15s\n      evaluation_interval: 15s\n    scrape_configs:\n      - job_name: 'prometheus'\n        static_configs:\n        - targets: ['localhost:9090']\n      - job_name: 'node1'\n        static_configs:\n        - targets: ['192.168.0.107:9100']\n      - job_name: 'apache'\n        static_configs:\n        - targets: ['192.168.99.101:9117']\n      - job_name: 'kube-state-metrics'\n        static_configs:\n        - targets: ['kube-state-metrics.kube-system.svc.cluster.local:8080']\n"
            },
            "id": "terraform-prom-graf-namespace/tf-prometheus-configmap",
            "metadata": [
              {
                "annotations": null,
                "generate_name": "",
                "generation": 0,
                "labels": null,
                "name": "tf-prometheus-configmap",
                "namespace": "terraform-prom-graf-namespace",
                "resource_version": "8485",
                "self_link": "/api/v1/namespaces/terraform-prom-graf-namespace/configmaps/tf-prometheus-configmap",
                "uid": "6d4ac994-0706-47bb-9c0c-66356257f4e2"
              }
            ]
          },
          "private": "bnVsbA==",
          "dependencies": [
            "kubernetes_namespace.demo",
            "kubernetes_persistent_volume_claim.prom_pvc"
          ]
        }
      ]
    },
    {
      "mode": "managed",
      "type": "kubernetes_deployment",
      "name": "example",
      "provider": "provider.kubernetes",
      "instances": [
        {
          "schema_version": 0,
          "attributes": {
            "id": "terraform-prom-graf-namespace/efs-provisioner",
            "metadata": [
              {
                "annotations": null,
                "generate_name": "",
                "generation": 1,
                "labels": null,
                "name": "efs-provisioner",
                "namespace": "terraform-prom-graf-namespace",
                "resource_version": "8463",
                "self_link": "/apis/apps/v1/namespaces/terraform-prom-graf-namespace/deployments/efs-provisioner",
                "uid": "80ba4104-b518-4cc2-b507-513aea5bfa68"
              }
            ],
            "spec": [
              {
                "min_ready_seconds": 0,
                "paused": false,
                "progress_deadline_seconds": 600,
                "replicas": 1,
                "revision_history_limit": 10,
                "selector": [
                  {
                    "match_expressions": [],
                    "match_labels": {
                      "app": "efs-provisioner"
                    }
                  }
                ],
                "strategy": [
                  {
                    "rolling_update": [],
                    "type": "Recreate"
                  }
                ],
                "template": [
                  {
                    "metadata": [
                      {
                        "annotations": null,
                        "generate_name": "",
                        "generation": 0,
                        "labels": {
                          "app": "efs-provisioner"
                        },
                        "name": "",
                        "namespace": "",
                        "resource_version": "",
                        "self_link": "",
                        "uid": ""
                      }
                    ],
                    "spec": [
                      {
                        "active_deadline_seconds": 0,
                        "affinity": [],
                        "automount_service_account_token": true,
                        "container": [
                          {
                            "args": null,
                            "command": null,
                            "env": [
                              {
                                "name": "FILE_SYSTEM_ID",
                                "value": "fs-400de358",
                                "value_from": []
                              },
                              {
                                "name": "AWS_REGION",
                                "value": "us-west-1",
                                "value_from": []
                              },
                              {
                                "name": "PROVISIONER_NAME",
                                "value": "kubernetes.io/gce-pd",
                                "value_from": []
                              }
                            ],
                            "env_from": [],
                            "image": "quay.io/external_storage/efs-provisioner:v0.1.0",
                            "image_pull_policy": "IfNotPresent",
                            "lifecycle": [],
                            "liveness_probe": [],
                            "name": "efs-provisioner",
                            "port": [],
                            "readiness_probe": [],
                            "resources": [
                              {
                                "limits": null,
                                "requests": null
                              }
                            ],
                            "security_context": [],
                            "stdin": false,
                            "stdin_once": false,
                            "termination_message_path": "/dev/termination-log",
                            "tty": false,
                            "volume_mount": [
                              {
                                "mount_path": "/persistentvolumes",
                                "mount_propagation": "None",
                                "name": "pv-volume",
                                "read_only": false,
                                "sub_path": ""
                              }
                            ],
                            "working_dir": ""
                          }
                        ],
                        "dns_config": [],
                        "dns_policy": "ClusterFirst",
                        "host_aliases": [],
                        "host_ipc": false,
                        "host_network": false,
                        "host_pid": false,
                        "hostname": "",
                        "image_pull_secrets": [],
                        "init_container": [],
                        "node_name": "",
                        "node_selector": null,
                        "priority_class_name": "",
                        "restart_policy": "Always",
                        "security_context": [],
                        "service_account_name": "",
                        "share_process_namespace": false,
                        "subdomain": "",
                        "termination_grace_period_seconds": 30,
                        "toleration": [],
                        "volume": [
                          {
                            "aws_elastic_block_store": [],
                            "azure_disk": [],
                            "azure_file": [],
                            "ceph_fs": [],
                            "cinder": [],
                            "config_map": [],
                            "downward_api": [],
                            "empty_dir": [],
                            "fc": [],
                            "flex_volume": [],
                            "flocker": [],
                            "gce_persistent_disk": [],
                            "git_repo": [],
                            "glusterfs": [],
                            "host_path": [],
                            "iscsi": [],
                            "local": [],
                            "name": "pv-volume",
                            "nfs": [
                              {
                                "path": "/",
                                "read_only": false,
                                "server": "fs-400de358.efs.us-west-1.amazonaws.com"
                              }
                            ],
                            "persistent_volume_claim": [],
                            "photon_persistent_disk": [],
                            "quobyte": [],
                            "rbd": [],
                            "secret": [],
                            "vsphere_volume": []
                          }
                        ]
                      }
                    ]
                  }
                ]
              }
            ],
            "timeouts": null
          },
          "private": "eyJlMmJmYjczMC1lY2FhLTExZTYtOGY4OC0zNDM2M2JjN2M0YzAiOnsiY3JlYXRlIjo2MDAwMDAwMDAwMDAsImRlbGV0ZSI6NjAwMDAwMDAwMDAwLCJ1cGRhdGUiOjYwMDAwMDAwMDAwMH19",
          "dependencies": [
            "kubernetes_namespace.demo",
            "kubernetes_storage_class.demo"
          ]
        }
      ]
    },
    {
      "mode": "managed",
      "type": "kubernetes_deployment",
      "name": "prom_deploy",
      "provider": "provider.kubernetes",
      "instances": [
        {
          "schema_version": 0,
          "attributes": {
            "id": "terraform-prom-graf-namespace/tf-prometheus-deplyment",
            "metadata": [
              {
                "annotations": null,
                "generate_name": "",
                "generation": 1,
                "labels": {
                  "env": "metrics"
                },
                "name": "tf-prometheus-deplyment",
                "namespace": "terraform-prom-graf-namespace",
                "resource_version": "8571",
                "self_link": "/apis/apps/v1/namespaces/terraform-prom-graf-namespace/deployments/tf-prometheus-deplyment",
                "uid": "5f8597f3-950c-43a5-8500-40bab8d59bc4"
              }
            ],
            "spec": [
              {
                "min_ready_seconds": 0,
                "paused": false,
                "progress_deadline_seconds": 600,
                "replicas": 1,
                "revision_history_limit": 10,
                "selector": [
                  {
                    "match_expressions": [],
                    "match_labels": {
                      "env": "metrics"
                    }
                  }
                ],
                "strategy": [
                  {
                    "rolling_update": [
                      {
                        "max_surge": "25%",
                        "max_unavailable": "25%"
                      }
                    ],
                    "type": "RollingUpdate"
                  }
                ],
                "template": [
                  {
                    "metadata": [
                      {
                        "annotations": null,
                        "generate_name": "",
                        "generation": 0,
                        "labels": {
                          "env": "metrics"
                        },
                        "name": "",
                        "namespace": "",
                        "resource_version": "",
                        "self_link": "",
                        "uid": ""
                      }
                    ],
                    "spec": [
                      {
                        "active_deadline_seconds": 0,
                        "affinity": [],
                        "automount_service_account_token": false,
                        "container": [
                          {
                            "args": [
                              "--config.file=/prometheus.yml"
                            ],
                            "command": null,
                            "env": [],
                            "env_from": [],
                            "image": "dakshjain09/prometheus:v1",
                            "image_pull_policy": "IfNotPresent",
                            "lifecycle": [],
                            "liveness_probe": [],
                            "name": "prom",
                            "port": [
                              {
                                "container_port": 9090,
                                "host_ip": "",
                                "host_port": 0,
                                "name": "",
                                "protocol": "TCP"
                              }
                            ],
                            "readiness_probe": [],
                            "resources": [
                              {
                                "limits": null,
                                "requests": null
                              }
                            ],
                            "security_context": [],
                            "stdin": false,
                            "stdin_once": false,
                            "termination_message_path": "/dev/termination-log",
                            "tty": false,
                            "volume_mount": [
                              {
                                "mount_path": "prometheus_data/",
                                "mount_propagation": "None",
                                "name": "prometheus-persistent-storage-store",
                                "read_only": false,
                                "sub_path": ""
                              },
                              {
                                "mount_path": "/prometheus.yml",
                                "mount_propagation": "None",
                                "name": "prometheus-script",
                                "read_only": false,
                                "sub_path": "prometheus.yml"
                              }
                            ],
                            "working_dir": ""
                          }
                        ],
                        "dns_config": [],
                        "dns_policy": "ClusterFirst",
                        "host_aliases": [],
                        "host_ipc": false,
                        "host_network": false,
                        "host_pid": false,
                        "hostname": "",
                        "image_pull_secrets": [],
                        "init_container": [],
                        "node_name": "",
                        "node_selector": null,
                        "priority_class_name": "",
                        "restart_policy": "Always",
                        "security_context": [],
                        "service_account_name": "",
                        "share_process_namespace": false,
                        "subdomain": "",
                        "termination_grace_period_seconds": 30,
                        "toleration": [],
                        "volume": [
                          {
                            "aws_elastic_block_store": [],
                            "azure_disk": [],
                            "azure_file": [],
                            "ceph_fs": [],
                            "cinder": [],
                            "config_map": [
                              {
                                "default_mode": "0644",
                                "items": [],
                                "name": "tf-prometheus-configmap"
                              }
                            ],
                            "downward_api": [],
                            "empty_dir": [],
                            "fc": [],
                            "flex_volume": [],
                            "flocker": [],
                            "gce_persistent_disk": [],
                            "git_repo": [],
                            "glusterfs": [],
                            "host_path": [],
                            "iscsi": [],
                            "local": [],
                            "name": "prometheus-script",
                            "nfs": [],
                            "persistent_volume_claim": [],
                            "photon_persistent_disk": [],
                            "quobyte": [],
                            "rbd": [],
                            "secret": [],
                            "vsphere_volume": []
                          },
                          {
                            "aws_elastic_block_store": [],
                            "azure_disk": [],
                            "azure_file": [],
                            "ceph_fs": [],
                            "cinder": [],
                            "config_map": [],
                            "downward_api": [],
                            "empty_dir": [],
                            "fc": [],
                            "flex_volume": [],
                            "flocker": [],
                            "gce_persistent_disk": [],
                            "git_repo": [],
                            "glusterfs": [],
                            "host_path": [],
                            "iscsi": [],
                            "local": [],
                            "name": "prometheus-persistent-storage-store",
                            "nfs": [],
                            "persistent_volume_claim": [
                              {
                                "claim_name": "tf-prometheus-pvc",
                                "read_only": false
                              }
                            ],
                            "photon_persistent_disk": [],
                            "quobyte": [],
                            "rbd": [],
                            "secret": [],
                            "vsphere_volume": []
                          }
                        ]
                      }
                    ]
                  }
                ]
              }
            ],
            "timeouts": null
          },
          "private": "eyJlMmJmYjczMC1lY2FhLTExZTYtOGY4OC0zNDM2M2JjN2M0YzAiOnsiY3JlYXRlIjo2MDAwMDAwMDAwMDAsImRlbGV0ZSI6NjAwMDAwMDAwMDAwLCJ1cGRhdGUiOjYwMDAwMDAwMDAwMH19",
          "dependencies": [
            "kubernetes_config_map.prom_configmap",
            "kubernetes_namespace.demo",
            "kubernetes_persistent_volume_claim.prom_pvc"
          ]
        }
      ]
    },
    {
      "mode": "managed",
      "type": "kubernetes_namespace",
      "name": "demo",
      "provider": "provider.kubernetes",
      "instances": [
        {
          "schema_version": 0,
          "attributes": {
            "id": "terraform-prom-graf-namespace",
            "metadata": [
              {
                "annotations": null,
                "generate_name": "",
                "generation": 0,
                "labels": null,
                "name": "terraform-prom-graf-namespace",
                "resource_version": "8399",
                "self_link": "/api/v1/namespaces/terraform-prom-graf-namespace",
                "uid": "5204cb29-5e4b-4d83-a308-ed49754db303"
              }
            ],
            "timeouts": null
          },
          "private": "eyJlMmJmYjczMC1lY2FhLTExZTYtOGY4OC0zNDM2M2JjN2M0YzAiOnsiZGVsZXRlIjozMDAwMDAwMDAwMDB9fQ=="
        }
      ]
    },
    {
      "mode": "managed",
      "type": "kubernetes_persistent_volume_claim",
      "name": "prom_pvc",
      "provider": "provider.kubernetes",
      "instances": [
        {
          "schema_version": 0,
          "attributes": {
            "id": "terraform-prom-graf-namespace/tf-prometheus-pvc",
            "metadata": [
              {
                "annotations": {
                  "volume.beta.kubernetes.io/storage-class": "eks-efs"
                },
                "generate_name": "",
                "generation": 0,
                "labels": {
                  "vol": "prom_store_pvc"
                },
                "name": "tf-prometheus-pvc",
                "namespace": "terraform-prom-graf-namespace",
                "resource_version": "8479",
                "self_link": "/api/v1/namespaces/terraform-prom-graf-namespace/persistentvolumeclaims/tf-prometheus-pvc",
                "uid": "3e0d3f4f-17dd-48e4-a999-0699b1675301"
              }
            ],
            "spec": [
              {
                "access_modes": [
                  "ReadWriteMany"
                ],
                "resources": [
                  {
                    "limits": null,
                    "requests": {
                      "storage": "5Gi"
                    }
                  }
                ],
                "selector": [],
                "storage_class_name": "",
                "volume_name": "pvc-3e0d3f4f-17dd-48e4-a999-0699b1675301"
              }
            ],
            "timeouts": null,
            "wait_until_bound": true
          },
          "private": "eyJlMmJmYjczMC1lY2FhLTExZTYtOGY4OC0zNDM2M2JjN2M0YzAiOnsiY3JlYXRlIjozMDAwMDAwMDAwMDB9fQ==",
          "dependencies": [
            "kubernetes_namespace.demo"
          ]
        }
      ]
    },
    {
      "mode": "managed",
      "type": "kubernetes_service",
      "name": "prom_svc",
      "provider": "provider.kubernetes",
      "instances": [
        {
          "schema_version": 0,
          "attributes": {
            "id": "terraform-prom-graf-namespace/tf-prometheus-svc",
            "load_balancer_ingress": [
              {
                "hostname": "abc0b06ebaca44f6088dad137bc4c9a7-23644907.us-west-1.elb.amazonaws.com",
                "ip": ""
              }
            ],
            "metadata": [
              {
                "annotations": null,
                "generate_name": "",
                "generation": 0,
                "labels": null,
                "name": "tf-prometheus-svc",
                "namespace": "terraform-prom-graf-namespace",
                "resource_version": "8662",
                "self_link": "/api/v1/namespaces/terraform-prom-graf-namespace/services/tf-prometheus-svc",
                "uid": "bc0b06eb-aca4-4f60-88da-d137bc4c9a7a"
              }
            ],
            "spec": [
              {
                "cluster_ip": "172.20.189.57",
                "external_ips": null,
                "external_name": "",
                "external_traffic_policy": "Cluster",
                "load_balancer_ip": "",
                "load_balancer_source_ranges": null,
                "port": [
                  {
                    "name": "",
                    "node_port": 32160,
                    "port": 9090,
                    "protocol": "TCP",
                    "target_port": "9090"
                  }
                ],
                "publish_not_ready_addresses": false,
                "selector": {
                  "env": "metrics"
                },
                "session_affinity": "None",
                "type": "LoadBalancer"
              }
            ],
            "timeouts": null
          },
          "private": "eyJlMmJmYjczMC1lY2FhLTExZTYtOGY4OC0zNDM2M2JjN2M0YzAiOnsiY3JlYXRlIjo2MDAwMDAwMDAwMDB9fQ==",
          "dependencies": [
            "kubernetes_config_map.prom_configmap",
            "kubernetes_deployment.prom_deploy",
            "kubernetes_namespace.demo",
            "kubernetes_persistent_volume_claim.prom_pvc"
          ]
        }
      ]
    },
    {
      "mode": "managed",
      "type": "kubernetes_storage_class",
      "name": "demo",
      "provider": "provider.kubernetes",
      "instances": [
        {
          "schema_version": 0,
          "attributes": {
            "allow_volume_expansion": true,
            "id": "eks-efs",
            "metadata": [
              {
                "annotations": null,
                "generate_name": "",
                "generation": 0,
                "labels": null,
                "name": "eks-efs",
                "resource_version": "8400",
                "self_link": "/apis/storage.k8s.io/v1/storageclasses/eks-efs",
                "uid": "34333f12-5a06-4aa7-9537-f42942896ec9"
              }
            ],
            "parameters": null,
            "reclaim_policy": "Retain",
            "storage_provisioner": "kubernetes.io/gce-pd",
            "volume_binding_mode": "Immediate"
          },
          "private": "bnVsbA=="
        }
      ]
    }
  ]
}
